
Microsoft Visual Studio Solution File, Format Version 10.00
# Visual Studio 2008
Project("{2150E333-8FDC-42A3-9474-1A3956D46DE8}") = "Solution Items", "Solution Items", "{291E7C53-3CC8-45AA-A3D4-5F41CD103B64}"
	ProjectSection(SolutionItems) = preProject
		Clean.bat = Clean.bat
		debugbuild.bat = debugbuild.bat
		GPL License.txt = GPL License.txt
		GPL发布许可.txt = GPL发布许可.txt
		releasebuild.bat = releasebuild.bat
	EndProjectSection
EndProject
Project("{2150E333-8FDC-42A3-9474-1A3956D46DE8}") = "Assemblies", "Assemblies", "{AE608705-2AC0-4304-86DB-78D331CE79D1}"
	ProjectSection(SolutionItems) = preProject
		assembly\Castle.Components.Common.EmailSender.dll = assembly\Castle.Components.Common.EmailSender.dll
		assembly\Castle.Components.Common.EmailSender.xml = assembly\Castle.Components.Common.EmailSender.xml
		assembly\Castle.Components.Validator.dll = assembly\Castle.Components.Validator.dll
		assembly\Castle.Components.Validator.xml = assembly\Castle.Components.Validator.xml
		assembly\Castle.Core.dll = assembly\Castle.Core.dll
		assembly\Castle.Core.xml = assembly\Castle.Core.xml
		assembly\Castle.DynamicProxy.dll = assembly\Castle.DynamicProxy.dll
		assembly\Castle.DynamicProxy.xml = assembly\Castle.DynamicProxy.xml
		assembly\Castle.DynamicProxy2.dll = assembly\Castle.DynamicProxy2.dll
		assembly\Castle.DynamicProxy2.xml = assembly\Castle.DynamicProxy2.xml
		assembly\Castle.MicroKernel.dll = assembly\Castle.MicroKernel.dll
		assembly\Castle.MicroKernel.xml = assembly\Castle.MicroKernel.xml
		assembly\Castle.Windsor.dll = assembly\Castle.Windsor.dll
		assembly\Castle.Windsor.xml = assembly\Castle.Windsor.xml
		assembly\Db4objects.Db4o.dll = assembly\Db4objects.Db4o.dll
		assembly\Db4objects.Db4o.Linq.dll = assembly\Db4objects.Db4o.Linq.dll
		assembly\Db4objects.Db4o.xml = assembly\Db4objects.Db4o.xml
		assembly\ICSharpCode.SharpZipLib.dll = assembly\ICSharpCode.SharpZipLib.dll
		assembly\ICSharpCode.SharpZipLib.xml = assembly\ICSharpCode.SharpZipLib.xml
		assembly\Lephone.Data.dll = assembly\Lephone.Data.dll
		assembly\Lephone.Linq.dll = assembly\Lephone.Linq.dll
		assembly\Lephone.Util.dll = assembly\Lephone.Util.dll
		assembly\log4net.dll = assembly\log4net.dll
		assembly\log4net.xml = assembly\log4net.xml
		assembly\Microsoft.Practices.ObjectBuilder.dll = assembly\Microsoft.Practices.ObjectBuilder.dll
		assembly\nunit.framework.dll = assembly\nunit.framework.dll
		assembly\nunit.framework.extensions.dll = assembly\nunit.framework.extensions.dll
		assembly\nunit.framework.xml = assembly\nunit.framework.xml
		assembly\nunit.mocks.dll = assembly\nunit.mocks.dll
		assembly\Rhino.Mocks.dll = assembly\Rhino.Mocks.dll
	EndProjectSection
EndProject
Project("{2150E333-8FDC-42A3-9474-1A3956D46DE8}") = "Documents", "Documents", "{F26E206D-93C0-42E1-906E-55154DFA27FF}"
EndProject
Project("{2150E333-8FDC-42A3-9474-1A3956D46DE8}") = "Design", "Design", "{F303106C-C535-47B7-9192-29326C64AA72}"
EndProject
Project("{2150E333-8FDC-42A3-9474-1A3956D46DE8}") = "Sources", "Sources", "{AD2ADB89-32C4-4535-9678-39D45604F9FF}"
EndProject
Project("{2150E333-8FDC-42A3-9474-1A3956D46DE8}") = "Tools", "Tools", "{B1174DAB-27C1-496D-B691-676323EA5B37}"
EndProject
Project("{2150E333-8FDC-42A3-9474-1A3956D46DE8}") = "Demos", "Demos", "{C9EDC766-4B5B-4B8F-A3BD-41FAB4AE3D7E}"
EndProject
Project("{2150E333-8FDC-42A3-9474-1A3956D46DE8}") = "Scripts", "Scripts", "{1C132BB1-7E27-4610-8721-EEB0E7F2305D}"
EndProject
Project("{2150E333-8FDC-42A3-9474-1A3956D46DE8}") = "Slice", "Slice", "{CBD80B93-D845-44F5-B16A-3584AB758C4C}"
EndProject
Project("{2150E333-8FDC-42A3-9474-1A3956D46DE8}") = "Composite UI Application Block", "Composite UI Application Block", "{B689B4A4-0646-42EF-A080-0A4580362A8A}"
EndProject
Project("{FAE04EC0-301F-11D3-BF4B-00C04F79EFBC}") = "CompositeUI.Common", "sources\cab\CompositeUI.Common\CompositeUI.Common.csproj", "{2EBAFFF1-0A45-4160-B2F5-386BCC89520C}"
EndProject
Project("{FAE04EC0-301F-11D3-BF4B-00C04F79EFBC}") = "Uniframework", "sources\Uniframework\Uniframework.csproj", "{D4A0BCB4-E235-40E7-864D-4075A2A7BC48}"
EndProject
Project("{2150E333-8FDC-42A3-9474-1A3956D46DE8}") = "Net", "Net", "{0CD5502B-F9FB-4A8E-B501-4A74E698B6D9}"
EndProject
Project("{FAE04EC0-301F-11D3-BF4B-00C04F79EFBC}") = "BasicClient", "demos\Net\BasicClient\BasicClient.csproj", "{069D864D-60B3-4BEA-AA5C-1EA9FEEC3F17}"
EndProject
Project("{FAE04EC0-301F-11D3-BF4B-00C04F79EFBC}") = "BasicServer", "demos\Net\BasicServer\BasicServer.csproj", "{FDBB111D-7EDE-4C53-99D0-503BDA9F1806}"
EndProject
Project("{FAE04EC0-301F-11D3-BF4B-00C04F79EFBC}") = "MessageBlockServer", "demos\Net\MessageBlockServer\MessageBlockServer.csproj", "{39A87C67-5307-4AF1-93B9-063BC72BE79C}"
EndProject
Project("{FAE04EC0-301F-11D3-BF4B-00C04F79EFBC}") = "MessageBlockClient", "demos\Net\MessageBlockClient\MessageBlockClient.csproj", "{4822AF22-787A-464E-8581-09857F4B2992}"
EndProject
Project("{FAE04EC0-301F-11D3-BF4B-00C04F79EFBC}") = "Uniframework.ScriptEngine", "sources\Uniframework.ScriptEngine\Uniframework.ScriptEngine.csproj", "{ACDDB0B6-140E-41DD-BA88-02042B524A86}"
EndProject
Project("{FAE04EC0-301F-11D3-BF4B-00C04F79EFBC}") = "Uniframework.CSScript", "sources\Uniframework.CSScript\Uniframework.CSScript.csproj", "{96E7F253-2B00-4B19-B77E-49BF3D69F1FC}"
EndProject
Project("{FAE04EC0-301F-11D3-BF4B-00C04F79EFBC}") = "Uniframework.Services", "sources\Uniframework.Services\Uniframework.Services.csproj", "{AB560843-D1D0-4D14-AAED-42F87ED5D089}"
EndProject
Project("{FAE04EC0-301F-11D3-BF4B-00C04F79EFBC}") = "Uniframework.Communication", "sources\Uniframework.Communication\Uniframework.Communication.csproj", "{54CEE371-BBD0-4C9E-80A6-A72BE01F9500}"
EndProject
Project("{FAE04EC0-301F-11D3-BF4B-00C04F79EFBC}") = "Uniframework.Client", "sources\Uniframework.Client\Uniframework.Client.csproj", "{7423F696-7D41-47A6-94C8-AD951FF9BF5B}"
EndProject
Project("{FAE04EC0-301F-11D3-BF4B-00C04F79EFBC}") = "Uniframework.SmartClient", "sources\Uniframework.SmartClient\Uniframework.SmartClient.csproj", "{3A800ABE-8658-460C-A471-D1C14FADF408}"
EndProject
Project("{FAE04EC0-301F-11D3-BF4B-00C04F79EFBC}") = "Uniframework.XtraForms", "sources\Uniframework.XtraForms\Uniframework.XtraForms.csproj", "{E9CBA808-D476-4034-9FD7-ABBF69D13B2B}"
EndProject
Project("{FAE04EC0-301F-11D3-BF4B-00C04F79EFBC}") = "Uniframework.Common", "sources\Uniframework.Common\Uniframework.Common.csproj", "{2A4A8833-ECC2-41CE-918A-AD3A18819C2F}"
EndProject
Project("{FAE04EC0-301F-11D3-BF4B-00C04F79EFBC}") = "Uniframework.StartUp", "sources\Uniframework.StartUp\Uniframework.StartUp.csproj", "{82FF1650-D025-4284-8227-869E909D54E3}"
EndProject
Project("{E24C65DC-7377-472B-9ABA-BC803B73C61A}") = "Uniframework.Web", "sources\Uniframework.Web\", "{A901DC92-B135-4774-9E8C-3BDCF2CA65E2}"
	ProjectSection(WebsiteProperties) = preProject
		TargetFramework = "3.5"
		ProjectReferences = "{D4A0BCB4-E235-40E7-864D-4075A2A7BC48}|Uniframework.dll;{AB560843-D1D0-4D14-AAED-42F87ED5D089}|Uniframework.Services.dll;{54CEE371-BBD0-4C9E-80A6-A72BE01F9500}|Uniframework.Communication.dll;{5671D224-D411-43BA-B207-D94EEA76B764}|Uniframework.Database.dll;"
		Debug.AspNetCompiler.VirtualPath = "/Uniframework.Web"
		Debug.AspNetCompiler.PhysicalPath = "sources\Uniframework.Web\"
		Debug.AspNetCompiler.TargetPath = "PrecompiledWeb\Uniframework.Web\"
		Debug.AspNetCompiler.Updateable = "true"
		Debug.AspNetCompiler.ForceOverwrite = "true"
		Debug.AspNetCompiler.FixedNames = "false"
		Debug.AspNetCompiler.Debug = "True"
		Release.AspNetCompiler.VirtualPath = "/Uniframework.Web"
		Release.AspNetCompiler.PhysicalPath = "sources\Uniframework.Web\"
		Release.AspNetCompiler.TargetPath = "PrecompiledWeb\Uniframework.Web\"
		Release.AspNetCompiler.Updateable = "true"
		Release.AspNetCompiler.ForceOverwrite = "true"
		Release.AspNetCompiler.FixedNames = "false"
		Release.AspNetCompiler.Debug = "False"
		VWDPort = "3132"
		DefaultWebSiteLanguage = "Visual C#"
	EndProjectSection
EndProject
Project("{2150E333-8FDC-42A3-9474-1A3956D46DE8}") = "Web", "Web", "{2A7A90DD-C339-4B48-8FA5-92585BB38096}"
EndProject
Project("{FAE04EC0-301F-11D3-BF4B-00C04F79EFBC}") = "Uniframework.UpgradeLaunch", "sources\Uniframework.UpgradeLaunch\Uniframework.UpgradeLaunch.csproj", "{D1B7F516-6632-44F0-B354-7D717C8E02C0}"
EndProject
Project("{FAE04EC0-301F-11D3-BF4B-00C04F79EFBC}") = "Uniframework.Upgrade", "sources\Uniframework.Upgrade\Uniframework.Upgrade.csproj", "{EF391648-B893-45D2-ACE0-12981EB53525}"
EndProject
Project("{FAE04EC0-301F-11D3-BF4B-00C04F79EFBC}") = "CompositeUI", "sources\cab\CompositeUI\CompositeUI.csproj", "{C478E40B-A05E-4C69-9AB3-7A3BB374243F}"
EndProject
Project("{FAE04EC0-301F-11D3-BF4B-00C04F79EFBC}") = "CompositeUI.WinForms", "sources\cab\CompositeUI.WinForms\CompositeUI.WinForms.csproj", "{073BCD60-F2FB-4DB9-92FB-403C8F9E8DD0}"
EndProject
Project("{FAE04EC0-301F-11D3-BF4B-00C04F79EFBC}") = "ObjectBuilder", "sources\cab\ObjectBuilder\ObjectBuilder.csproj", "{2AE49F19-392B-4C50-A13C-F49B2579849D}"
EndProject
Project("{FAE04EC0-301F-11D3-BF4B-00C04F79EFBC}") = "Uniframework.Database", "sources\Uniframework.Database\Uniframework.Database.csproj", "{5671D224-D411-43BA-B207-D94EEA76B764}"
EndProject
Project("{2150E333-8FDC-42A3-9474-1A3956D46DE8}") = "Uniframework", "Uniframework", "{2A5994FA-F9EA-4768-AADD-FFDF9416C150}"
EndProject
Project("{FAE04EC0-301F-11D3-BF4B-00C04F79EFBC}") = "Uniframework.DemoCenter.Client", "demos\Uniframework\Uniframework.DemoCenter.Client\Uniframework.DemoCenter.Client.csproj", "{4526AC92-283B-4445-B6D5-800EDEE61913}"
EndProject
Project("{FAE04EC0-301F-11D3-BF4B-00C04F79EFBC}") = "Uniframework.DemoCenter", "demos\Uniframework\Uniframework.DemoCenter\Uniframework.DemoCenter.csproj", "{EE77BF85-CD50-457D-AA61-A722497FA25A}"
EndProject
Project("{FAE04EC0-301F-11D3-BF4B-00C04F79EFBC}") = "Uniframework.Entities", "sources\Uniframework.Entities\Uniframework.Entities.csproj", "{4DF29E17-6C52-47D4-9F4E-42691C358F83}"
EndProject
Project("{2150E333-8FDC-42A3-9474-1A3956D46DE8}") = "Switch", "Switch", "{6CE8E19B-F8A7-4BE7-BFDE-6D4BF20F005E}"
EndProject
Project("{FAE04EC0-301F-11D3-BF4B-00C04F79EFBC}") = "Uniframework.Switch", "switch\Uniframework.Switch\Uniframework.Switch.csproj", "{65DFE2F6-8748-4574-A070-2B0BF1564E86}"
EndProject
Project("{FAE04EC0-301F-11D3-BF4B-00C04F79EFBC}") = "Uniframework.Endpoints.DB160X", "switch\Uniframework.Endpoints.DB160X\Uniframework.Endpoints.DB160X.csproj", "{6461AC1F-0D07-4BD2-AAD4-46449D12302E}"
EndProject
Project("{FAE04EC0-301F-11D3-BF4B-00C04F79EFBC}") = "Uniframework.TTS.DJTTS3", "switch\Uniframework.TTS.DJTTS3\Uniframework.TTS.DJTTS3.csproj", "{DB27E4F8-DE7D-4D47-A11D-EDCBD6D9FAC5}"
EndProject
Global
	GlobalSection(SolutionConfigurationPlatforms) = preSolution
		Debug|Any CPU = Debug|Any CPU
		Release|Any CPU = Release|Any CPU
	EndGlobalSection
	GlobalSection(ProjectConfigurationPlatforms) = postSolution
		{2EBAFFF1-0A45-4160-B2F5-386BCC89520C}.Debug|Any CPU.ActiveCfg = Debug|Any CPU
		{2EBAFFF1-0A45-4160-B2F5-386BCC89520C}.Debug|Any CPU.Build.0 = Debug|Any CPU
		{2EBAFFF1-0A45-4160-B2F5-386BCC89520C}.Release|Any CPU.ActiveCfg = Release|Any CPU
		{2EBAFFF1-0A45-4160-B2F5-386BCC89520C}.Release|Any CPU.Build.0 = Release|Any CPU
		{D4A0BCB4-E235-40E7-864D-4075A2A7BC48}.Debug|Any CPU.ActiveCfg = Debug|Any CPU
		{D4A0BCB4-E235-40E7-864D-4075A2A7BC48}.Debug|Any CPU.Build.0 = Debug|Any CPU
		{D4A0BCB4-E235-40E7-864D-4075A2A7BC48}.Release|Any CPU.ActiveCfg = Release|Any CPU
		{D4A0BCB4-E235-40E7-864D-4075A2A7BC48}.Release|Any CPU.Build.0 = Release|Any CPU
		{069D864D-60B3-4BEA-AA5C-1EA9FEEC3F17}.Debug|Any CPU.ActiveCfg = Debug|Any CPU
		{069D864D-60B3-4BEA-AA5C-1EA9FEEC3F17}.Debug|Any CPU.Build.0 = Debug|Any CPU
		{069D864D-60B3-4BEA-AA5C-1EA9FEEC3F17}.Release|Any CPU.ActiveCfg = Release|Any CPU
		{069D864D-60B3-4BEA-AA5C-1EA9FEEC3F17}.Release|Any CPU.Build.0 = Release|Any CPU
		{FDBB111D-7EDE-4C53-99D0-503BDA9F1806}.Debug|Any CPU.ActiveCfg = Debug|Any CPU
		{FDBB111D-7EDE-4C53-99D0-503BDA9F1806}.Debug|Any CPU.Build.0 = Debug|Any CPU
		{FDBB111D-7EDE-4C53-99D0-503BDA9F1806}.Release|Any CPU.ActiveCfg = Release|Any CPU
		{FDBB111D-7EDE-4C53-99D0-503BDA9F1806}.Release|Any CPU.Build.0 = Release|Any CPU
		{39A87C67-5307-4AF1-93B9-063BC72BE79C}.Debug|Any CPU.ActiveCfg = Debug|Any CPU
		{39A87C67-5307-4AF1-93B9-063BC72BE79C}.Debug|Any CPU.Build.0 = Debug|Any CPU
		{39A87C67-5307-4AF1-93B9-063BC72BE79C}.Release|Any CPU.ActiveCfg = Release|Any CPU
		{39A87C67-5307-4AF1-93B9-063BC72BE79C}.Release|Any CPU.Build.0 = Release|Any CPU
		{4822AF22-787A-464E-8581-09857F4B2992}.Debug|Any CPU.ActiveCfg = Debug|Any CPU
		{4822AF22-787A-464E-8581-09857F4B2992}.Debug|Any CPU.Build.0 = Debug|Any CPU
		{4822AF22-787A-464E-8581-09857F4B2992}.Release|Any CPU.ActiveCfg = Release|Any CPU
		{4822AF22-787A-464E-8581-09857F4B2992}.Release|Any CPU.Build.0 = Release|Any CPU
		{ACDDB0B6-140E-41DD-BA88-02042B524A86}.Debug|Any CPU.ActiveCfg = Debug|Any CPU
		{ACDDB0B6-140E-41DD-BA88-02042B524A86}.Debug|Any CPU.Build.0 = Debug|Any CPU
		{ACDDB0B6-140E-41DD-BA88-02042B524A86}.Release|Any CPU.ActiveCfg = Release|Any CPU
		{ACDDB0B6-140E-41DD-BA88-02042B524A86}.Release|Any CPU.Build.0 = Release|Any CPU
		{96E7F253-2B00-4B19-B77E-49BF3D69F1FC}.Debug|Any CPU.ActiveCfg = Debug|Any CPU
		{96E7F253-2B00-4B19-B77E-49BF3D69F1FC}.Debug|Any CPU.Build.0 = Debug|Any CPU
		{96E7F253-2B00-4B19-B77E-49BF3D69F1FC}.Release|Any CPU.ActiveCfg = Release|Any CPU
		{96E7F253-2B00-4B19-B77E-49BF3D69F1FC}.Release|Any CPU.Build.0 = Release|Any CPU
		{AB560843-D1D0-4D14-AAED-42F87ED5D089}.Debug|Any CPU.ActiveCfg = Debug|Any CPU
		{AB560843-D1D0-4D14-AAED-42F87ED5D089}.Debug|Any CPU.Build.0 = Debug|Any CPU
		{AB560843-D1D0-4D14-AAED-42F87ED5D089}.Release|Any CPU.ActiveCfg = Release|Any CPU
		{AB560843-D1D0-4D14-AAED-42F87ED5D089}.Release|Any CPU.Build.0 = Release|Any CPU
		{54CEE371-BBD0-4C9E-80A6-A72BE01F9500}.Debug|Any CPU.ActiveCfg = Debug|Any CPU
		{54CEE371-BBD0-4C9E-80A6-A72BE01F9500}.Debug|Any CPU.Build.0 = Debug|Any CPU
		{54CEE371-BBD0-4C9E-80A6-A72BE01F9500}.Release|Any CPU.ActiveCfg = Release|Any CPU
		{54CEE371-BBD0-4C9E-80A6-A72BE01F9500}.Release|Any CPU.Build.0 = Release|Any CPU
		{7423F696-7D41-47A6-94C8-AD951FF9BF5B}.Debug|Any CPU.ActiveCfg = Debug|Any CPU
		{7423F696-7D41-47A6-94C8-AD951FF9BF5B}.Debug|Any CPU.Build.0 = Debug|Any CPU
		{7423F696-7D41-47A6-94C8-AD951FF9BF5B}.Release|Any CPU.ActiveCfg = Release|Any CPU
		{7423F696-7D41-47A6-94C8-AD951FF9BF5B}.Release|Any CPU.Build.0 = Release|Any CPU
		{3A800ABE-8658-460C-A471-D1C14FADF408}.Debug|Any CPU.ActiveCfg = Debug|Any CPU
		{3A800ABE-8658-460C-A471-D1C14FADF408}.Debug|Any CPU.Build.0 = Debug|Any CPU
		{3A800ABE-8658-460C-A471-D1C14FADF408}.Release|Any CPU.ActiveCfg = Release|Any CPU
		{3A800ABE-8658-460C-A471-D1C14FADF408}.Release|Any CPU.Build.0 = Release|Any CPU
		{E9CBA808-D476-4034-9FD7-ABBF69D13B2B}.Debug|Any CPU.ActiveCfg = Debug|Any CPU
		{E9CBA808-D476-4034-9FD7-ABBF69D13B2B}.Debug|Any CPU.Build.0 = Debug|Any CPU
		{E9CBA808-D476-4034-9FD7-ABBF69D13B2B}.Release|Any CPU.ActiveCfg = Release|Any CPU
		{E9CBA808-D476-4034-9FD7-ABBF69D13B2B}.Release|Any CPU.Build.0 = Release|Any CPU
		{2A4A8833-ECC2-41CE-918A-AD3A18819C2F}.Debug|Any CPU.ActiveCfg = Debug|Any CPU
		{2A4A8833-ECC2-41CE-918A-AD3A18819C2F}.Debug|Any CPU.Build.0 = Debug|Any CPU
		{2A4A8833-ECC2-41CE-918A-AD3A18819C2F}.Release|Any CPU.ActiveCfg = Release|Any CPU
		{2A4A8833-ECC2-41CE-918A-AD3A18819C2F}.Release|Any CPU.Build.0 = Release|Any CPU
		{82FF1650-D025-4284-8227-869E909D54E3}.Debug|Any CPU.ActiveCfg = Debug|Any CPU
		{82FF1650-D025-4284-8227-869E909D54E3}.Debug|Any CPU.Build.0 = Debug|Any CPU
		{82FF1650-D025-4284-8227-869E909D54E3}.Release|Any CPU.ActiveCfg = Release|Any CPU
		{82FF1650-D025-4284-8227-869E909D54E3}.Release|Any CPU.Build.0 = Release|Any CPU
		{A901DC92-B135-4774-9E8C-3BDCF2CA65E2}.Debug|Any CPU.ActiveCfg = Debug|Any CPU
		{A901DC92-B135-4774-9E8C-3BDCF2CA65E2}.Debug|Any CPU.Build.0 = Debug|Any CPU
		{A901DC92-B135-4774-9E8C-3BDCF2CA65E2}.Release|Any CPU.ActiveCfg = Debug|Any CPU
		{A901DC92-B135-4774-9E8C-3BDCF2CA65E2}.Release|Any CPU.Build.0 = Debug|Any CPU
		{D1B7F516-6632-44F0-B354-7D717C8E02C0}.Debug|Any CPU.ActiveCfg = Debug|Any CPU
		{D1B7F516-6632-44F0-B354-7D717C8E02C0}.Debug|Any CPU.Build.0 = Debug|Any CPU
		{D1B7F516-6632-44F0-B354-7D717C8E02C0}.Release|Any CPU.ActiveCfg = Release|Any CPU
		{D1B7F516-6632-44F0-B354-7D717C8E02C0}.Release|Any CPU.Build.0 = Release|Any CPU
		{EF391648-B893-45D2-ACE0-12981EB53525}.Debug|Any CPU.ActiveCfg = Debug|Any CPU
		{EF391648-B893-45D2-ACE0-12981EB53525}.Debug|Any CPU.Build.0 = Debug|Any CPU
		{EF391648-B893-45D2-ACE0-12981EB53525}.Release|Any CPU.ActiveCfg = Release|Any CPU
		{EF391648-B893-45D2-ACE0-12981EB53525}.Release|Any CPU.Build.0 = Release|Any CPU
		{C478E40B-A05E-4C69-9AB3-7A3BB374243F}.Debug|Any CPU.ActiveCfg = Debug|Any CPU
		{C478E40B-A05E-4C69-9AB3-7A3BB374243F}.Debug|Any CPU.Build.0 = Debug|Any CPU
		{C478E40B-A05E-4C69-9AB3-7A3BB374243F}.Release|Any CPU.ActiveCfg = Release|Any CPU
		{C478E40B-A05E-4C69-9AB3-7A3BB374243F}.Release|Any CPU.Build.0 = Release|Any CPU
		{073BCD60-F2FB-4DB9-92FB-403C8F9E8DD0}.Debug|Any CPU.ActiveCfg = Debug|Any CPU
		{073BCD60-F2FB-4DB9-92FB-403C8F9E8DD0}.Debug|Any CPU.Build.0 = Debug|Any CPU
		{073BCD60-F2FB-4DB9-92FB-403C8F9E8DD0}.Release|Any CPU.ActiveCfg = Release|Any CPU
		{073BCD60-F2FB-4DB9-92FB-403C8F9E8DD0}.Release|Any CPU.Build.0 = Release|Any CPU
		{2AE49F19-392B-4C50-A13C-F49B2579849D}.Debug|Any CPU.ActiveCfg = Debug|Any CPU
		{2AE49F19-392B-4C50-A13C-F49B2579849D}.Debug|Any CPU.Build.0 = Debug|Any CPU
		{2AE49F19-392B-4C50-A13C-F49B2579849D}.Release|Any CPU.ActiveCfg = Release|Any CPU
		{2AE49F19-392B-4C50-A13C-F49B2579849D}.Release|Any CPU.Build.0 = Release|Any CPU
		{5671D224-D411-43BA-B207-D94EEA76B764}.Debug|Any CPU.ActiveCfg = Debug|Any CPU
		{5671D224-D411-43BA-B207-D94EEA76B764}.Debug|Any CPU.Build.0 = Debug|Any CPU
		{5671D224-D411-43BA-B207-D94EEA76B764}.Release|Any CPU.ActiveCfg = Release|Any CPU
		{5671D224-D411-43BA-B207-D94EEA76B764}.Release|Any CPU.Build.0 = Release|Any CPU
		{4526AC92-283B-4445-B6D5-800EDEE61913}.Debug|Any CPU.ActiveCfg = Debug|Any CPU
		{4526AC92-283B-4445-B6D5-800EDEE61913}.Debug|Any CPU.Build.0 = Debug|Any CPU
		{4526AC92-283B-4445-B6D5-800EDEE61913}.Release|Any CPU.ActiveCfg = Release|Any CPU
		{4526AC92-283B-4445-B6D5-800EDEE61913}.Release|Any CPU.Build.0 = Release|Any CPU
		{EE77BF85-CD50-457D-AA61-A722497FA25A}.Debug|Any CPU.ActiveCfg = Debug|Any CPU
		{EE77BF85-CD50-457D-AA61-A722497FA25A}.Debug|Any CPU.Build.0 = Debug|Any CPU
		{EE77BF85-CD50-457D-AA61-A722497FA25A}.Release|Any CPU.ActiveCfg = Release|Any CPU
		{EE77BF85-CD50-457D-AA61-A722497FA25A}.Release|Any CPU.Build.0 = Release|Any CPU
		{4DF29E17-6C52-47D4-9F4E-42691C358F83}.Debug|Any CPU.ActiveCfg = Debug|Any CPU
		{4DF29E17-6C52-47D4-9F4E-42691C358F83}.Debug|Any CPU.Build.0 = Debug|Any CPU
		{4DF29E17-6C52-47D4-9F4E-42691C358F83}.Release|Any CPU.ActiveCfg = Release|Any CPU
		{4DF29E17-6C52-47D4-9F4E-42691C358F83}.Release|Any CPU.Build.0 = Release|Any CPU
		{65DFE2F6-8748-4574-A070-2B0BF1564E86}.Debug|Any CPU.ActiveCfg = Debug|Any CPU
		{65DFE2F6-8748-4574-A070-2B0BF1564E86}.Debug|Any CPU.Build.0 = Debug|Any CPU
		{65DFE2F6-8748-4574-A070-2B0BF1564E86}.Release|Any CPU.ActiveCfg = Release|Any CPU
		{65DFE2F6-8748-4574-A070-2B0BF1564E86}.Release|Any CPU.Build.0 = Release|Any CPU
		{6461AC1F-0D07-4BD2-AAD4-46449D12302E}.Debug|Any CPU.ActiveCfg = Debug|Any CPU
		{6461AC1F-0D07-4BD2-AAD4-46449D12302E}.Debug|Any CPU.Build.0 = Debug|Any CPU
		{6461AC1F-0D07-4BD2-AAD4-46449D12302E}.Release|Any CPU.ActiveCfg = Release|Any CPU
		{6461AC1F-0D07-4BD2-AAD4-46449D12302E}.Release|Any CPU.Build.0 = Release|Any CPU
		{DB27E4F8-DE7D-4D47-A11D-EDCBD6D9FAC5}.Debug|Any CPU.ActiveCfg = Debug|Any CPU
		{DB27E4F8-DE7D-4D47-A11D-EDCBD6D9FAC5}.Debug|Any CPU.Build.0 = Debug|Any CPU
		{DB27E4F8-DE7D-4D47-A11D-EDCBD6D9FAC5}.Release|Any CPU.ActiveCfg = Release|Any CPU
		{DB27E4F8-DE7D-4D47-A11D-EDCBD6D9FAC5}.Release|Any CPU.Build.0 = Release|Any CPU
	EndGlobalSection
	GlobalSection(SolutionProperties) = preSolution
		HideSolutionNode = FALSE
	EndGlobalSection
	GlobalSection(NestedProjects) = preSolution
		{B689B4A4-0646-42EF-A080-0A4580362A8A} = {AD2ADB89-32C4-4535-9678-39D45604F9FF}
		{D4A0BCB4-E235-40E7-864D-4075A2A7BC48} = {AD2ADB89-32C4-4535-9678-39D45604F9FF}
		{ACDDB0B6-140E-41DD-BA88-02042B524A86} = {AD2ADB89-32C4-4535-9678-39D45604F9FF}
		{96E7F253-2B00-4B19-B77E-49BF3D69F1FC} = {AD2ADB89-32C4-4535-9678-39D45604F9FF}
		{AB560843-D1D0-4D14-AAED-42F87ED5D089} = {AD2ADB89-32C4-4535-9678-39D45604F9FF}
		{54CEE371-BBD0-4C9E-80A6-A72BE01F9500} = {AD2ADB89-32C4-4535-9678-39D45604F9FF}
		{7423F696-7D41-47A6-94C8-AD951FF9BF5B} = {AD2ADB89-32C4-4535-9678-39D45604F9FF}
		{3A800ABE-8658-460C-A471-D1C14FADF408} = {AD2ADB89-32C4-4535-9678-39D45604F9FF}
		{E9CBA808-D476-4034-9FD7-ABBF69D13B2B} = {AD2ADB89-32C4-4535-9678-39D45604F9FF}
		{2A4A8833-ECC2-41CE-918A-AD3A18819C2F} = {AD2ADB89-32C4-4535-9678-39D45604F9FF}
		{82FF1650-D025-4284-8227-869E909D54E3} = {AD2ADB89-32C4-4535-9678-39D45604F9FF}
		{D1B7F516-6632-44F0-B354-7D717C8E02C0} = {AD2ADB89-32C4-4535-9678-39D45604F9FF}
		{EF391648-B893-45D2-ACE0-12981EB53525} = {AD2ADB89-32C4-4535-9678-39D45604F9FF}
		{5671D224-D411-43BA-B207-D94EEA76B764} = {AD2ADB89-32C4-4535-9678-39D45604F9FF}
		{4DF29E17-6C52-47D4-9F4E-42691C358F83} = {AD2ADB89-32C4-4535-9678-39D45604F9FF}
		{0CD5502B-F9FB-4A8E-B501-4A74E698B6D9} = {C9EDC766-4B5B-4B8F-A3BD-41FAB4AE3D7E}
		{2A5994FA-F9EA-4768-AADD-FFDF9416C150} = {C9EDC766-4B5B-4B8F-A3BD-41FAB4AE3D7E}
		{2EBAFFF1-0A45-4160-B2F5-386BCC89520C} = {B689B4A4-0646-42EF-A080-0A4580362A8A}
		{C478E40B-A05E-4C69-9AB3-7A3BB374243F} = {B689B4A4-0646-42EF-A080-0A4580362A8A}
		{073BCD60-F2FB-4DB9-92FB-403C8F9E8DD0} = {B689B4A4-0646-42EF-A080-0A4580362A8A}
		{2AE49F19-392B-4C50-A13C-F49B2579849D} = {B689B4A4-0646-42EF-A080-0A4580362A8A}
		{069D864D-60B3-4BEA-AA5C-1EA9FEEC3F17} = {0CD5502B-F9FB-4A8E-B501-4A74E698B6D9}
		{FDBB111D-7EDE-4C53-99D0-503BDA9F1806} = {0CD5502B-F9FB-4A8E-B501-4A74E698B6D9}
		{39A87C67-5307-4AF1-93B9-063BC72BE79C} = {0CD5502B-F9FB-4A8E-B501-4A74E698B6D9}
		{4822AF22-787A-464E-8581-09857F4B2992} = {0CD5502B-F9FB-4A8E-B501-4A74E698B6D9}
		{A901DC92-B135-4774-9E8C-3BDCF2CA65E2} = {2A7A90DD-C339-4B48-8FA5-92585BB38096}
		{4526AC92-283B-4445-B6D5-800EDEE61913} = {2A5994FA-F9EA-4768-AADD-FFDF9416C150}
		{EE77BF85-CD50-457D-AA61-A722497FA25A} = {2A5994FA-F9EA-4768-AADD-FFDF9416C150}
		{65DFE2F6-8748-4574-A070-2B0BF1564E86} = {6CE8E19B-F8A7-4BE7-BFDE-6D4BF20F005E}
		{6461AC1F-0D07-4BD2-AAD4-46449D12302E} = {6CE8E19B-F8A7-4BE7-BFDE-6D4BF20F005E}
		{DB27E4F8-DE7D-4D47-A11D-EDCBD6D9FAC5} = {6CE8E19B-F8A7-4BE7-BFDE-6D4BF20F005E}
	EndGlobalSection
EndGlobal
